# This file is automatically @generated by Cargo.
# It is not intended for manual editing.
version = 3

[[package]]
name = "chikuwa"
version = "2.0.0"

[[package]]
name = "ena"
version = "2.0.0"

[[package]]
name = "minami"
version = "2.0.0"
dependencies = [
 "chikuwa",
 "ena",
 "rin",
]

[[package]]
name = "rin"
version = "2.0.0"
dependencies = [
 "chikuwa",
]
