# This file is automatically @generated by Cargo.
# It is not intended for manual editing.
version = 3

[[package]]
name = "akari"
version = "2.0.0"
dependencies = [
 "chikuwa",
]

[[package]]
name = "aoi"
version = "2.0.0"
dependencies = [
 "ayano",
 "chikuwa",
 "rin",
]

[[package]]
name = "ayano"
version = "2.0.0"
dependencies = [
 "chikuwa",
]

[[package]]
name = "chiaki"
version = "2.0.0"
dependencies = [
 "chikuwa",
]

[[package]]
name = "chikuwa"
version = "2.0.0"

[[package]]
name = "ena"
version = "2.0.0"
dependencies = [
 "chikuwa",
]

[[package]]
name = "minami"
version = "2.0.0"
dependencies = [
 "ayano",
 "chiaki",
 "chikuwa",
 "ena",
 "rin",
]

[[package]]
name = "nadeshiko"
version = "2.0.0"
dependencies = [
 "akari",
 "chiaki",
 "chikuwa",
 "rin",
]

[[package]]
name = "rin"
version = "2.0.0"
dependencies = [
 "chikuwa",
]
